PODS:
  - FontIcons (1.3.0):
    - FontIcons/Core (= 1.3.0)
    - FontIcons/FontAwesome (= 1.3.0)
    - FontIcons/MaterialDesign (= 1.3.0)
    - FontIcons/VaadinIcons (= 1.3.0)
  - FontIcons/Core (1.3.0)
  - FontIcons/FontAwesome (1.3.0):
    - FontIcons/Core
  - FontIcons/MaterialDesign (1.3.0):
    - FontIcons/Core
  - FontIcons/VaadinIcons (1.3.0):
    - FontIcons/Core

DEPENDENCIES:
  - FontIcons (from `../`)

EXTERNAL SOURCES:
  FontIcons:
    :path: ../

SPEC CHECKSUMS:
  FontIcons: ae6c7faaf7d159d1fc2a6e7f78a939ad03db3af9

PODFILE CHECKSUM: bf602513ef4a3cabcd9e1864b06dd3adff3e2617

COCOAPODS: 1.1.0.rc.2
