PODS:
  - FontIcons (1.4.0):
    - FontIcons/Core (= 1.4.0)
    - FontIcons/FontAwesome (= 1.4.0)
    - FontIcons/Ionicons (= 1.4.0)
    - FontIcons/MaterialDesign (= 1.4.0)
    - FontIcons/VaadinIcons (= 1.4.0)
  - FontIcons/Core (1.4.0)
  - FontIcons/FontAwesome (1.4.0):
    - FontIcons/Core
  - FontIcons/Ionicons (1.4.0):
    - FontIcons/Core
  - FontIcons/MaterialDesign (1.4.0):
    - FontIcons/Core
  - FontIcons/VaadinIcons (1.4.0):
    - FontIcons/Core

DEPENDENCIES:
  - FontIcons (from `../`)

EXTERNAL SOURCES:
  FontIcons:
    :path: ../

SPEC CHECKSUMS:
  FontIcons: 42ca95431108705ce723a62929ff81ae6c0b1edf

PODFILE CHECKSUM: 2aad07d3d6d10ddb5a0f9237472a74846743e25a

COCOAPODS: 1.3.0.beta.1
