PODS:
  - FontIcons (1.0.0):
    - FontIcons/Core (= 1.0.0)
    - FontIcons/FontAwesome (= 1.0.0)
    - FontIcons/MaterialDesign (= 1.0.0)
    - FontIcons/VaadinIcons (= 1.0.0)
  - FontIcons/Core (1.0.0)
  - FontIcons/FontAwesome (1.0.0):
    - FontIcons/Core
  - FontIcons/MaterialDesign (1.0.0):
    - FontIcons/Core
  - FontIcons/VaadinIcons (1.0.0):
    - FontIcons/Core

DEPENDENCIES:
  - FontIcons (from `../`)

EXTERNAL SOURCES:
  FontIcons:
    :path: ../

SPEC CHECKSUMS:
  FontIcons: a4dd48e8e2642d1c36bd95a3767f236bbcfa0463

PODFILE CHECKSUM: 430031b3f868a465204d3887a751242c6253d730

COCOAPODS: 1.0.0.beta.3
